// !$*UTF8*$!
{
	archiveVersion = 1;
	classes = {
	};
	objectVersion = 46;
	objects = {

/* Begin PBXBuildFile section */
		4BA406271DB213B50029802E /* AppDelegate.swift in Sources */ = {isa = PBXBuildFile; fileRef = 4BA406261DB213B50029802E /* AppDelegate.swift */; };
		4BA406291DB213B50029802E /* ViewController.swift in Sources */ = {isa = PBXBuildFile; fileRef = 4BA406281DB213B50029802E /* ViewController.swift */; };
		4BA4062C1DB213B50029802E /* Main.storyboard in Resources */ = {isa = PBXBuildFile; fileRef = 4BA4062A1DB213B50029802E /* Main.storyboard */; };
		4BA4062F1DB213B50029802E /* SnappingNews.xcdatamodeld in Sources */ = {isa = PBXBuildFile; fileRef = 4BA4062D1DB213B50029802E /* SnappingNews.xcdatamodeld */; };
		4BA406311DB213B50029802E /* Assets.xcassets in Resources */ = {isa = PBXBuildFile; fileRef = 4BA406301DB213B50029802E /* Assets.xcassets */; };
		4BA406341DB213B50029802E /* LaunchScreen.storyboard in Resources */ = {isa = PBXBuildFile; fileRef = 4BA406321DB213B50029802E /* LaunchScreen.storyboard */; };
		4BA4063C1DB2149E0029802E /* HandyJSON.framework in Frameworks */ = {isa = PBXBuildFile; fileRef = 4BA4063B1DB2149D0029802E /* HandyJSON.framework */; };
		4BA4063D1DB2149E0029802E /* HandyJSON.framework in Embed Frameworks */ = {isa = PBXBuildFile; fileRef = 4BA4063B1DB2149D0029802E /* HandyJSON.framework */; settings = {ATTRIBUTES = (CodeSignOnCopy, RemoveHeadersOnCopy, ); }; };
/* End PBXBuildFile section */

/* Begin PBXCopyFilesBuildPhase section */
		4BA4063E1DB2149E0029802E /* Embed Frameworks */ = {
			isa = PBXCopyFilesBuildPhase;
			buildActionMask = 2147483647;
			dstPath = "";
			dstSubfolderSpec = 10;
			files = (
				4BA4063D1DB2149E0029802E /* HandyJSON.framework in Embed Frameworks */,
			);
			name = "Embed Frameworks";
			runOnlyForDeploymentPostprocessing = 0;
		};
		4BA4063F1DB214C90029802E /* CopyFiles */ = {
			isa = PBXCopyFilesBuildPhase;
			buildActionMask = 2147483647;
			dstPath = "";
			dstSubfolderSpec = 7;
			files = (
			);
			runOnlyForDeploymentPostprocessing = 0;
		};
/* End PBXCopyFilesBuildPhase section */

/* Begin PBXFileReference section */
		4BA406231DB213B50029802E /* SnappingNews.app */ = {isa = PBXFileReference; explicitFileType = wrapper.application; includeInIndex = 0; path = SnappingNews.app; sourceTree = BUILT_PRODUCTS_DIR; };
		4BA406261DB213B50029802E /* AppDelegate.swift */ = {isa = PBXFileReference; lastKnownFileType = sourcecode.swift; path = AppDelegate.swift; sourceTree = "<group>"; };
		4BA406281DB213B50029802E /* ViewController.swift */ = {isa = PBXFileReference; lastKnownFileType = sourcecode.swift; path = ViewController.swift; sourceTree = "<group>"; };
		4BA4062B1DB213B50029802E /* Base */ = {isa = PBXFileReference; lastKnownFileType = file.storyboard; name = Base; path = Base.lproj/Main.storyboard; sourceTree = "<group>"; };
		4BA4062E1DB213B50029802E /* SnappingNews.xcdatamodel */ = {isa = PBXFileReference; lastKnownFileType = wrapper.xcdatamodel; path = SnappingNews.xcdatamodel; sourceTree = "<group>"; };
		4BA406301DB213B50029802E /* Assets.xcassets */ = {isa = PBXFileReference; lastKnownFileType = folder.assetcatalog; path = Assets.xcassets; sourceTree = "<group>"; };
		4BA406331DB213B50029802E /* Base */ = {isa = PBXFileReference; lastKnownFileType = file.storyboard; name = Base; path = Base.lproj/LaunchScreen.storyboard; sourceTree = "<group>"; };
		4BA406351DB213B50029802E /* Info.plist */ = {isa = PBXFileReference; lastKnownFileType = text.plist.xml; path = Info.plist; sourceTree = "<group>"; };
		4BA4063B1DB2149D0029802E /* HandyJSON.framework */ = {isa = PBXFileReference; lastKnownFileType = wrapper.framework; name = HandyJSON.framework; path = Carthage/Build/iOS/HandyJSON.framework; sourceTree = "<group>"; };
/* End PBXFileReference section */

/* Begin PBXFrameworksBuildPhase section */
		4BA406201DB213B50029802E /* Frameworks */ = {
			isa = PBXFrameworksBuildPhase;
			buildActionMask = 2147483647;
			files = (
				4BA4063C1DB2149E0029802E /* HandyJSON.framework in Frameworks */,
			);
			runOnlyForDeploymentPostprocessing = 0;
		};
/* End PBXFrameworksBuildPhase section */

/* Begin PBXGroup section */
		4BA4061A1DB213B50029802E = {
			isa = PBXGroup;
			children = (
				4BA4063B1DB2149D0029802E /* HandyJSON.framework */,
				4BA406251DB213B50029802E /* SnappingNews */,
				4BA406241DB213B50029802E /* Products */,
			);
			sourceTree = "<group>";
		};
		4BA406241DB213B50029802E /* Products */ = {
			isa = PBXGroup;
			children = (
				4BA406231DB213B50029802E /* SnappingNews.app */,
			);
			name = Products;
			sourceTree = "<group>";
		};
		4BA406251DB213B50029802E /* SnappingNews */ = {
			isa = PBXGroup;
			children = (
				4BA406261DB213B50029802E /* AppDelegate.swift */,
				4BA406281DB213B50029802E /* ViewController.swift */,
				4BA4062A1DB213B50029802E /* Main.storyboard */,
				4BA406301DB213B50029802E /* Assets.xcassets */,
				4BA406321DB213B50029802E /* LaunchScreen.storyboard */,
				4BA406351DB213B50029802E /* Info.plist */,
				4BA4062D1DB213B50029802E /* SnappingNews.xcdatamodeld */,
			);
			path = SnappingNews;
			sourceTree = "<group>";
		};
/* End PBXGroup section */

/* Begin PBXNativeTarget section */
		4BA406221DB213B50029802E /* SnappingNews */ = {
			isa = PBXNativeTarget;
			buildConfigurationList = 4BA406381DB213B50029802E /* Build configuration list for PBXNativeTarget "SnappingNews" */;
			buildPhases = (
				4BA4061F1DB213B50029802E /* Sources */,
				4BA406201DB213B50029802E /* Frameworks */,
				4BA406211DB213B50029802E /* Resources */,
				4BA4063E1DB2149E0029802E /* Embed Frameworks */,
				4BA4063F1DB214C90029802E /* CopyFiles */,
				4BA406401DB214EC0029802E /* ShellScript */,
			);
			buildRules = (
			);
			dependencies = (
			);
			name = SnappingNews;
			productName = SnappingNews;
			productReference = 4BA406231DB213B50029802E /* SnappingNews.app */;
			productType = "com.apple.product-type.application";
		};
/* End PBXNativeTarget section */

/* Begin PBXProject section */
		4BA4061B1DB213B50029802E /* Project object */ = {
			isa = PBXProject;
			attributes = {
				LastSwiftUpdateCheck = 0800;
				LastUpgradeCheck = 0800;
				ORGANIZATIONNAME = "Jackie Zhang";
				TargetAttributes = {
					4BA406221DB213B50029802E = {
						CreatedOnToolsVersion = 8.0;
						DevelopmentTeam = 7TXG2EZRXQ;
						ProvisioningStyle = Automatic;
					};
				};
			};
			buildConfigurationList = 4BA4061E1DB213B50029802E /* Build configuration list for PBXProject "SnappingNews" */;
			compatibilityVersion = "Xcode 3.2";
			developmentRegion = English;
			hasScannedForEncodings = 0;
			knownRegions = (
				en,
				Base,
			);
			mainGroup = 4BA4061A1DB213B50029802E;
			productRefGroup = 4BA406241DB213B50029802E /* Products */;
			projectDirPath = "";
			projectRoot = "";
			targets = (
				4BA406221DB213B50029802E /* SnappingNews */,
			);
		};
/* End PBXProject section */

/* Begin PBXResourcesBuildPhase section */
		4BA406211DB213B50029802E /* Resources */ = {
			isa = PBXResourcesBuildPhase;
			buildActionMask = 2147483647;
			files = (
				4BA406341DB213B50029802E /* LaunchScreen.storyboard in Resources */,
				4BA406311DB213B50029802E /* Assets.xcassets in Resources */,
				4BA4062C1DB213B50029802E /* Main.storyboard in Resources */,
			);
			runOnlyForDeploymentPostprocessing = 0;
		};
/* End PBXResourcesBuildPhase section */

/* Begin PBXShellScriptBuildPhase section */
		4BA406401DB214EC0029802E /* ShellScript */ = {
			isa = PBXShellScriptBuildPhase;
			buildActionMask = 2147483647;
			files = (
			);
			inputPaths = (
				"$(SRCROOT)/Carthage/Build/iOS/HandyJSON.framework",
			);
			outputPaths = (
			);
			runOnlyForDeploymentPostprocessing = 0;
			shellPath = /bin/sh;
			shellScript = "/usr/local/bin/carthage copy-frameworks";
		};
/* End PBXShellScriptBuildPhase section */

/* Begin PBXSourcesBuildPhase section */
		4BA4061F1DB213B50029802E /* Sources */ = {
			isa = PBXSourcesBuildPhase;
			buildActionMask = 2147483647;
			files = (
				4BA4062F1DB213B50029802E /* SnappingNews.xcdatamodeld in Sources */,
				4BA406291DB213B50029802E /* ViewController.swift in Sources */,
				4BA406271DB213B50029802E /* AppDelegate.swift in Sources */,
			);
			runOnlyForDeploymentPostprocessing = 0;
		};
/* End PBXSourcesBuildPhase section */

/* Begin PBXVariantGroup section */
		4BA4062A1DB213B50029802E /* Main.storyboard */ = {
			isa = PBXVariantGroup;
			children = (
				4BA4062B1DB213B50029802E /* Base */,
			);
			name = Main.storyboard;
			sourceTree = "<group>";
		};
		4BA406321DB213B50029802E /* LaunchScreen.storyboard */ = {
			isa = PBXVariantGroup;
			children = (
				4BA406331DB213B50029802E /* Base */,
			);
			name = LaunchScreen.storyboard;
			sourceTree = "<group>";
		};
/* End PBXVariantGroup section */

/* Begin XCBuildConfiguration section */
		4BA406361DB213B50029802E /* Debug */ = {
			isa = XCBuildConfiguration;
			buildSettings = {
				ALWAYS_SEARCH_USER_PATHS = NO;
				CLANG_ANALYZER_NONNULL = YES;
				CLANG_CXX_LANGUAGE_STANDARD = "gnu++0x";
				CLANG_CXX_LIBRARY = "libc++";
				CLANG_ENABLE_MODULES = YES;
				CLANG_ENABLE_OBJC_ARC = YES;
				CLANG_WARN_BOOL_CONVERSION = YES;
				CLANG_WARN_CONSTANT_CONVERSION = YES;
				CLANG_WARN_DIRECT_OBJC_ISA_USAGE = YES_ERROR;
				CLANG_WARN_DOCUMENTATION_COMMENTS = YES;
				CLANG_WARN_EMPTY_BODY = YES;
				CLANG_WARN_ENUM_CONVERSION = YES;
				CLANG_WARN_INFINITE_RECURSION = YES;
				CLANG_WARN_INT_CONVERSION = YES;
				CLANG_WARN_OBJC_ROOT_CLASS = YES_ERROR;
				CLANG_WARN_SUSPICIOUS_MOVES = YES;
				CLANG_WARN_UNREACHABLE_CODE = YES;
				CLANG_WARN__DUPLICATE_METHOD_MATCH = YES;
				"CODE_SIGN_IDENTITY[sdk=iphoneos*]" = "iPhone Developer";
				COPY_PHASE_STRIP = NO;
				DEBUG_INFORMATION_FORMAT = dwarf;
				ENABLE_STRICT_OBJC_MSGSEND = YES;
				ENABLE_TESTABILITY = YES;
				GCC_C_LANGUAGE_STANDARD = gnu99;
				GCC_DYNAMIC_NO_PIC = NO;
				GCC_NO_COMMON_BLOCKS = YES;
				GCC_OPTIMIZATION_LEVEL = 0;
				GCC_PREPROCESSOR_DEFINITIONS = (
					"DEBUG=1",
					"$(inherited)",
				);
				GCC_WARN_64_TO_32_BIT_CONVERSION = YES;
				GCC_WARN_ABOUT_RETURN_TYPE = YES_ERROR;
				GCC_WARN_UNDECLARED_SELECTOR = YES;
				GCC_WARN_UNINITIALIZED_AUTOS = YES_AGGRESSIVE;
				GCC_WARN_UNUSED_FUNCTION = YES;
				GCC_WARN_UNUSED_VARIABLE = YES;
				IPHONEOS_DEPLOYMENT_TARGET = 10.0;
				MTL_ENABLE_DEBUG_INFO = YES;
				ONLY_ACTIVE_ARCH = YES;
				SDKROOT = iphoneos;
				SWIFT_ACTIVE_COMPILATION_CONDITIONS = DEBUG;
				SWIFT_OPTIMIZATION_LEVEL = "-Onone";
				TARGETED_DEVICE_FAMILY = "1,2";
			};
			name = Debug;
		};
		4BA406371DB213B50029802E /* Release */ = {
			isa = XCBuildConfiguration;
			buildSettings = {
				ALWAYS_SEARCH_USER_PATHS = NO;
				CLANG_ANALYZER_NONNULL = YES;
				CLANG_CXX_LANGUAGE_STANDARD = "gnu++0x";
				CLANG_CXX_LIBRARY = "libc++";
				CLANG_ENABLE_MODULES = YES;
				CLANG_ENABLE_OBJC_ARC = YES;
				CLANG_WARN_BOOL_CONVERSION = YES;
				CLANG_WARN_CONSTANT_CONVERSION = YES;
				CLANG_WARN_DIRECT_OBJC_ISA_USAGE = YES_ERROR;
				CLANG_WARN_DOCUMENTATION_COMMENTS = YES;
				CLANG_WARN_EMPTY_BODY = YES;
				CLANG_WARN_ENUM_CONVERSION = YES;
				CLANG_WARN_INFINITE_RECURSION = YES;
				CLANG_WARN_INT_CONVERSION = YES;
				CLANG_WARN_OBJC_ROOT_CLASS = YES_ERROR;
				CLANG_WARN_SUSPICIOUS_MOVES = YES;
				CLANG_WARN_UNREACHABLE_CODE = YES;
				CLANG_WARN__DUPLICATE_METHOD_MATCH = YES;
				"CODE_SIGN_IDENTITY[sdk=iphoneos*]" = "iPhone Developer";
				COPY_PHASE_STRIP = NO;
				DEBUG_INFORMATION_FORMAT = "dwarf-with-dsym";
				ENABLE_NS_ASSERTIONS = NO;
				ENABLE_STRICT_OBJC_MSGSEND = YES;
				GCC_C_LANGUAGE_STANDARD = gnu99;
				GCC_NO_COMMON_BLOCKS = YES;
				GCC_WARN_64_TO_32_BIT_CONVERSION = YES;
				GCC_WARN_ABOUT_RETURN_TYPE = YES_ERROR;
				GCC_WARN_UNDECLARED_SELECTOR = YES;
				GCC_WARN_UNINITIALIZED_AUTOS = YES_AGGRESSIVE;
				GCC_WARN_UNUSED_FUNCTION = YES;
				GCC_WARN_UNUSED_VARIABLE = YES;
				IPHONEOS_DEPLOYMENT_TARGET = 10.0;
				MTL_ENABLE_DEBUG_INFO = NO;
				SDKROOT = iphoneos;
				SWIFT_OPTIMIZATION_LEVEL = "-Owholemodule";
				TARGETED_DEVICE_FAMILY = "1,2";
				VALIDATE_PRODUCT = YES;
			};
			name = Release;
		};
		4BA406391DB213B50029802E /* Debug */ = {
			isa = XCBuildConfiguration;
			buildSettings = {
				ASSETCATALOG_COMPILER_APPICON_NAME = AppIcon;
				DEVELOPMENT_TEAM = 7TXG2EZRXQ;
				FRAMEWORK_SEARCH_PATHS = (
					"$(inherited)",
					"$(PROJECT_DIR)/Carthage/Build/iOS",
				);
				INFOPLIST_FILE = SnappingNews/Info.plist;
				LD_RUNPATH_SEARCH_PATHS = "$(inherited) @executable_path/Frameworks";
				PRODUCT_BUNDLE_IDENTIFIER = com.jackiezhang.SnappingNews;
				PRODUCT_NAME = "$(TARGET_NAME)";
				SWIFT_VERSION = 3.0;
			};
			name = Debug;
		};
		4BA4063A1DB213B50029802E /* Release */ = {
			isa = XCBuildConfiguration;
			buildSettings = {
				ASSETCATALOG_COMPILER_APPICON_NAME = AppIcon;
				DEVELOPMENT_TEAM = 7TXG2EZRXQ;
				FRAMEWORK_SEARCH_PATHS = (
					"$(inherited)",
					"$(PROJECT_DIR)/Carthage/Build/iOS",
				);
				INFOPLIST_FILE = SnappingNews/Info.plist;
				LD_RUNPATH_SEARCH_PATHS = "$(inherited) @executable_path/Frameworks";
				PRODUCT_BUNDLE_IDENTIFIER = com.jackiezhang.SnappingNews;
				PRODUCT_NAME = "$(TARGET_NAME)";
				SWIFT_VERSION = 3.0;
			};
			name = Release;
		};
/* End XCBuildConfiguration section */

/* Begin XCConfigurationList section */
		4BA4061E1DB213B50029802E /* Build configuration list for PBXProject "SnappingNews" */ = {
			isa = XCConfigurationList;
			buildConfigurations = (
				4BA406361DB213B50029802E /* Debug */,
				4BA406371DB213B50029802E /* Release */,
			);
			defaultConfigurationIsVisible = 0;
			defaultConfigurationName = Release;
		};
		4BA406381DB213B50029802E /* Build configuration list for PBXNativeTarget "SnappingNews" */ = {
			isa = XCConfigurationList;
			buildConfigurations = (
				4BA406391DB213B50029802E /* Debug */,
				4BA4063A1DB213B50029802E /* Release */,
			);
			defaultConfigurationIsVisible = 0;
			defaultConfigurationName = Release;
		};
/* End XCConfigurationList section */

/* Begin XCVersionGroup section */
		4BA4062D1DB213B50029802E /* SnappingNews.xcdatamodeld */ = {
			isa = XCVersionGroup;
			children = (
				4BA4062E1DB213B50029802E /* SnappingNews.xcdatamodel */,
			);
			currentVersion = 4BA4062E1DB213B50029802E /* SnappingNews.xcdatamodel */;
			path = SnappingNews.xcdatamodeld;
			sourceTree = "<group>";
			versionGroupType = wrapper.xcdatamodel;
		};
/* End XCVersionGroup section */
	};
	rootObject = 4BA4061B1DB213B50029802E /* Project object */;
}
